
Microsoft Visual Studio Solution File, Format Version 12.00
# Visual Studio Version 16
VisualStudioVersion = 16.0.30413.136
MinimumVisualStudioVersion = 10.0.40219.1
Project("{FAE04EC0-301F-11D3-BF4B-00C04F79EFBC}") = "ExerciseToMySelf", "ExerciseToMySelf.csproj", "{EB276F5B-AB7D-482F-A4C1-51C6E3B895AA}"
EndProject
Global
	GlobalSection(SolutionConfigurationPlatforms) = preSolution
		Debug|Any CPU = Debug|Any CPU
		Release|Any CPU = Release|Any CPU
	EndGlobalSection
	GlobalSection(ProjectConfigurationPlatforms) = postSolution
		{EB276F5B-AB7D-482F-A4C1-51C6E3B895AA}.Debug|Any CPU.ActiveCfg = Debug|Any CPU
		{EB276F5B-AB7D-482F-A4C1-51C6E3B895AA}.Debug|Any CPU.Build.0 = Debug|Any CPU
		{EB276F5B-AB7D-482F-A4C1-51C6E3B895AA}.Release|Any CPU.ActiveCfg = Release|Any CPU
		{EB276F5B-AB7D-482F-A4C1-51C6E3B895AA}.Release|Any CPU.Build.0 = Release|Any CPU
	EndGlobalSection
	GlobalSection(SolutionProperties) = preSolution
		HideSolutionNode = FALSE
	EndGlobalSection
	GlobalSection(ExtensibilityGlobals) = postSolution
		SolutionGuid = {E066296C-FE40-4918-A3D7-975C152AA15A}
	EndGlobalSection
EndGlobal
